{
    "_meta": {
        "hash": {
            "sha256": "e98b481521cb28aceb196c0529043a362739ab18bf65c76383bc12176b2bc2d9"
        },
        "pipfile-spec": 6,
        "requires": {},
        "sources": [
            {
                "name": "pypi",
                "url": "https://pypi.org/simple",
                "verify_ssl": true
            }
        ]
    },
    "default": {},
    "develop": {
        "attrs": {
            "hashes": [
                "sha256:29e95c7f6778868dbd49170f98f8818f78f3dc5e0e37c0b1f474e3561b240836",
                "sha256:c9227bfc2f01993c03f68db37d1d15c9690188323c067c641f1a35ca58185f99"
            ],
            "markers": "python_version >= '3.6'",
            "version": "==22.2.0"
        },
        "black": {
            "hashes": [
                "sha256:101c69b23df9b44247bd88e1d7e90154336ac4992502d4197bdac35dd7ee3320",
                "sha256:159a46a4947f73387b4d83e87ea006dbb2337eab6c879620a3ba52699b1f4351",
                "sha256:1f58cbe16dfe8c12b7434e50ff889fa479072096d79f0a7f25e4ab8e94cd8350",
                "sha256:229351e5a18ca30f447bf724d007f890f97e13af070bb6ad4c0a441cd7596a2f",
                "sha256:436cc9167dd28040ad90d3b404aec22cedf24a6e4d7de221bec2730ec0c97bcf",
                "sha256:559c7a1ba9a006226f09e4916060982fd27334ae1998e7a38b3f33a37f7a2148",
                "sha256:7412e75863aa5c5411886804678b7d083c7c28421210180d67dfd8cf1221e1f4",
                "sha256:77d86c9f3db9b1bf6761244bc0b3572a546f5fe37917a044e02f3166d5aafa7d",
                "sha256:82d9fe8fee3401e02e79767016b4907820a7dc28d70d137eb397b92ef3cc5bfc",
                "sha256:9eedd20838bd5d75b80c9f5487dbcb06836a43833a37846cf1d8c1cc01cef59d",
                "sha256:c116eed0efb9ff870ded8b62fe9f28dd61ef6e9ddd28d83d7d264a38417dcee2",
                "sha256:d30b212bffeb1e252b31dd269dfae69dd17e06d92b87ad26e23890f3efea366f"
            ],
            "index": "pypi",
            "version": "==22.12.0"
        },
        "cli-ui": {
            "hashes": [
                "sha256:2f67e50cf474e76ad160c3e660bbad98bf8b8dfb8d847765f3a261b7e13c05fa",
                "sha256:6a1ebdbbcd83a0fa06b2f63f4434082a3ba8664aebedd91f1ff86b9e4289d53e"
            ],
            "markers": "python_version >= '3.7' and python_version < '4.0'",
            "version": "==0.17.2"
        },
        "click": {
            "hashes": [
                "sha256:7682dc8afb30297001674575ea00d1814d808d6a36af415a82bd481d37ba7b8e",
                "sha256:bb4d8133cb15a609f44e8213d9b391b0809795062913b383c62be0ee95b1db48"
            ],
            "markers": "python_version >= '3.7'",
            "version": "==8.1.3"
        },
        "click-default-group": {
            "hashes": [
                "sha256:d9560e8e8dfa44b3562fbc9425042a0fd6d21956fcc2db0077f63f34253ab904"
            ],
            "version": "==1.2.2"
        },
        "colorama": {
            "hashes": [
                "sha256:08695f5cb7ed6e0531a20572697297273c47b8cae5a63ffc6d6ed5c201be6e44",
                "sha256:4f1d9991f5acc0ca119f9d443620b77f9d6b33703e51011c16baf57afb285fc6"
            ],
            "markers": "python_version >= '2.7' and python_version not in '3.0, 3.1, 3.2, 3.3, 3.4, 3.5, 3.6'",
            "version": "==0.4.6"
        },
        "contextlib2": {
            "hashes": [
                "sha256:3fbdb64466afd23abaf6c977627b75b6139a5a3e8ce38405c5b413aed7a0471f",
                "sha256:ab1e2bfe1d01d968e1b7e8d9023bc51ef3509bba217bb730cee3827e1ee82869"
            ],
            "markers": "python_version >= '3.6'",
            "version": "==21.6.0"
        },
        "coverage": {
            "hashes": [
                "sha256:0322354757b47640535daabd2d56384ff3cad2896248fc84d328c5fad4922d5c",
                "sha256:053cdc47cae08257051d7e934a0de4d095b60eb8a3024fa9f1b2322fa1547137",
                "sha256:0815a09b32384e8ff00a5939ec9cd10efce8742347e019c2daca1a32f5ac2aae",
                "sha256:1791e5f74c5b52f76e83fe9f4bb9571cf76d40ee0c51952ee1e4ee935b7e98b9",
                "sha256:1ba5cc54baf3c322c4388de2a43cc95f7809366f0600e743e5aae8ea9d1038b2",
                "sha256:1e9e94f2612ee549a4b3ee79cbc61bceed77e69cf38cfa05858bae939a886d16",
                "sha256:22d8ef6865cb6834cab2b72fff20747a55c714b57b675f7e11c9624fe4f7cb45",
                "sha256:260854160083f8275a9d9d49a05ab0ffc7a1f08f2ccccbfaec94a18aae9f407c",
                "sha256:2904d7a0388911c61e7e3beefe48c29dfccaba938fc1158f63190101a21e04c2",
                "sha256:2b5936b624fbe711ed02dfd86edd678822e5ee68da02b6d231e5c01090b64590",
                "sha256:2b854f7985b48122b6fe346631e86d67b63293f8255cb59a93d79e3d9f1574e3",
                "sha256:2dfbee0bf0d633be3a2ab068f5a5731a70adf147d0ba17d9f9932b46c7c5782b",
                "sha256:2e59aef3fba5758059208c9eff10ae7ded3629e797972746ec33b56844f69411",
                "sha256:32dc010713455ac0fe2fddb0e48aa43875cc7eb7b09768df10bad8ce45f9c430",
                "sha256:34c0457e1ba450ae8b22dc8ea2fd36ada1010af61291e4c96963cd9d9633366f",
                "sha256:3d9201cfa5a98652b9cef36ab202f17fe3ea83f497b4ba2a8ed39399dfb8fcd4",
                "sha256:4665a714af31f160403c2e448fb2fef330719d2e04e836b08d60d612707c1041",
                "sha256:4e8267466662aff93d66fa72b9591d02122dfc8a729b0a43dd70e0fb07ed9b37",
                "sha256:55121fe140d7e42cb970999b93cf1c2b24484ce028b32bbd00238bb25c13e34a",
                "sha256:5caa9dd91dcc5f054350dc57a02e053d79633907b9ccffff999568d13dcd19f8",
                "sha256:6abc91f6f8b3cc0ae1034e2c03f38769fba1952ab70d0b26953aa01691265c39",
                "sha256:6c5554d55668381e131577f20e8f620d4882b04ad558f7e7f3f1f55b3124c379",
                "sha256:70c294bb15ba576fb96b580db35895bf03749d683df044212b74e938a7f6821f",
                "sha256:73bc6114aab7753ca784f87bcd3b7613bc797aa255b5bca45e5654070ae9acfb",
                "sha256:92f135d370fcd7a6fb9659fa2eb716dd2ca364719cbb1756f74d90a221bca1a7",
                "sha256:9cb88a3019ad042eaa69fc7639ef077793fedbf313e89207aa82fefe92c97ebd",
                "sha256:9dafdba3b2b9010abab08cb8c0dc6549bfca6e1630fe14d47b01dca00d39e694",
                "sha256:a63922765ee49d5b4c32afb2cd5516812c8665f3b78e64a0dd005bdfabf991b1",
                "sha256:a78a80d131c067d67d8a6f9bd3d3f7ea7eac82c1c7259f97d7ab73f723da9d55",
                "sha256:b75aff2c35ceaa299691e772f7bf7c8aeab25f46acea2be3dd04cccb914a9860",
                "sha256:b84076e3de192fba0f95e279ac017b64c7c6ecd4f09f36f13420f5bed898a9c7",
                "sha256:b8dfb5fed540f77e814bf4ec79619c241af6b4578fa1093c5e3389bbb7beab3f",
                "sha256:bc74b64bfa89e2f862ea45dd6ac1def371d7cc883b76680d20bdd61a6f3daa20",
                "sha256:bc9c77004970a364a1e5454cf7cb884e4277592b959c287689b2a0fd027ef552",
                "sha256:c027fbb83a8c78a6e06a0302ea1799fdb70e5cda9845a5e000545b8e2b47ea39",
                "sha256:c06046f54e719da21c79f98ecc0962581d1aee0b3798dc6b12b1217da8bf93f4",
                "sha256:c58921fcd9914b56444292e7546fe183d079db99528142c809549ddeaeacd8e9",
                "sha256:c82f34fafaf5bc05d222fcf84423d6e156432ca35ca78672d4affd0c09c6ef6c",
                "sha256:caf82db5b7f16b51ec32fe0bd2da0805b177c807aa8bfb478c7e6f893418c284",
                "sha256:cb8cfa3bf3a9f18211279458917fef5edeb5e1fdebe2ea8b11969ec2ebe48884",
                "sha256:d68f2f7bddb3acdd3b36ef7f334b9d14f30b93e094f808fbbd8d288b8f9e2f9b",
                "sha256:daf91db39324e9939a9db919ee4fb42a1a23634a056616dae891a030e89f87ba",
                "sha256:dcfbf8ffc046f20d75fd775a92c378f6fc7b9bded6c6f2ab88b6b9cb5805a184",
                "sha256:e44b60b0b49aa85d548d392a2dca2c6a581cd4084e72e9e16bd58bd86ec20816",
                "sha256:ea45f0dba5a993e93b158f1a9dcfff2770e3bcabf2b80dbe7aa15dce0bcb3bf3",
                "sha256:ee32a080bab779b71c4d09a3eb5254bfca43ee88828a683dab27dfe8f582516e",
                "sha256:efc200fa75d9634525b40babc7a16342bd21c101db1a58ef84dc14f4bf6ac0fd",
                "sha256:f092d9f2ddaa30235d33335fbdb61eb8f3657af519ef5f9dd6bdae65272def11",
                "sha256:f3d485e6ec6e09857bf2115ece572d666b7c498377d4c70e66bb06c63ed177c2",
                "sha256:f684d88eb4924ed0630cf488fd5606e334c6835594bb5fe36b50a509b10383ed",
                "sha256:f6c4ad409a0caf7e2e12e203348b1a9b19c514e7d078520973147bf2d3dcbc6f"
            ],
            "index": "pypi",
            "version": "==7.0.4"
        },
        "docopt": {
            "hashes": [
                "sha256:49b3a825280bd66b3aa83585ef59c4a8c82f2c8a522dbe754a8bc8d08c85c491"
            ],
            "version": "==0.6.2"
        },
        "incremental": {
            "hashes": [
                "sha256:912feeb5e0f7e0188e6f42241d2f450002e11bbc0937c65865045854c24c0bd0",
                "sha256:b864a1f30885ee72c5ac2835a761b8fe8aa9c28b9395cacf27286602688d3e51"
            ],
            "version": "==22.10.0"
        },
        "iniconfig": {
            "hashes": [
                "sha256:2d91e135bf72d31a410b17c16da610a82cb55f6b0477d1a902134b24a455b8b3",
                "sha256:b6a85871a79d2e3b22d2d1b94ac2824226a63c6b741c88f7ae975f18b6778374"
            ],
            "markers": "python_version >= '3.7'",
            "version": "==2.0.0"
        },
        "jinja2": {
            "hashes": [
                "sha256:31351a702a408a9e7595a8fc6150fc3f43bb6bf7e319770cbc0db9df9437e852",
                "sha256:6088930bfe239f0e6710546ab9c19c9ef35e29792895fed6e6e31a023a182a61"
            ],
            "markers": "python_version >= '3.7'",
            "version": "==3.1.2"
        },
        "markupsafe": {
            "hashes": [
                "sha256:0212a68688482dc52b2d45013df70d169f542b7394fc744c02a57374a4207003",
                "sha256:089cf3dbf0cd6c100f02945abeb18484bd1ee57a079aefd52cffd17fba910b88",
                "sha256:10c1bfff05d95783da83491be968e8fe789263689c02724e0c691933c52994f5",
                "sha256:33b74d289bd2f5e527beadcaa3f401e0df0a89927c1559c8566c066fa4248ab7",
                "sha256:3799351e2336dc91ea70b034983ee71cf2f9533cdff7c14c90ea126bfd95d65a",
                "sha256:3ce11ee3f23f79dbd06fb3d63e2f6af7b12db1d46932fe7bd8afa259a5996603",
                "sha256:421be9fbf0ffe9ffd7a378aafebbf6f4602d564d34be190fc19a193232fd12b1",
                "sha256:43093fb83d8343aac0b1baa75516da6092f58f41200907ef92448ecab8825135",
                "sha256:46d00d6cfecdde84d40e572d63735ef81423ad31184100411e6e3388d405e247",
                "sha256:4a33dea2b688b3190ee12bd7cfa29d39c9ed176bda40bfa11099a3ce5d3a7ac6",
                "sha256:4b9fe39a2ccc108a4accc2676e77da025ce383c108593d65cc909add5c3bd601",
                "sha256:56442863ed2b06d19c37f94d999035e15ee982988920e12a5b4ba29b62ad1f77",
                "sha256:671cd1187ed5e62818414afe79ed29da836dde67166a9fac6d435873c44fdd02",
                "sha256:694deca8d702d5db21ec83983ce0bb4b26a578e71fbdbd4fdcd387daa90e4d5e",
                "sha256:6a074d34ee7a5ce3effbc526b7083ec9731bb3cbf921bbe1d3005d4d2bdb3a63",
                "sha256:6d0072fea50feec76a4c418096652f2c3238eaa014b2f94aeb1d56a66b41403f",
                "sha256:6fbf47b5d3728c6aea2abb0589b5d30459e369baa772e0f37a0320185e87c980",
                "sha256:7f91197cc9e48f989d12e4e6fbc46495c446636dfc81b9ccf50bb0ec74b91d4b",
                "sha256:86b1f75c4e7c2ac2ccdaec2b9022845dbb81880ca318bb7a0a01fbf7813e3812",
                "sha256:8dc1c72a69aa7e082593c4a203dcf94ddb74bb5c8a731e4e1eb68d031e8498ff",
                "sha256:8e3dcf21f367459434c18e71b2a9532d96547aef8a871872a5bd69a715c15f96",
                "sha256:8e576a51ad59e4bfaac456023a78f6b5e6e7651dcd383bcc3e18d06f9b55d6d1",
                "sha256:96e37a3dc86e80bf81758c152fe66dbf60ed5eca3d26305edf01892257049925",
                "sha256:97a68e6ada378df82bc9f16b800ab77cbf4b2fada0081794318520138c088e4a",
                "sha256:99a2a507ed3ac881b975a2976d59f38c19386d128e7a9a18b7df6fff1fd4c1d6",
                "sha256:a49907dd8420c5685cfa064a1335b6754b74541bbb3706c259c02ed65b644b3e",
                "sha256:b09bf97215625a311f669476f44b8b318b075847b49316d3e28c08e41a7a573f",
                "sha256:b7bd98b796e2b6553da7225aeb61f447f80a1ca64f41d83612e6139ca5213aa4",
                "sha256:b87db4360013327109564f0e591bd2a3b318547bcef31b468a92ee504d07ae4f",
                "sha256:bcb3ed405ed3222f9904899563d6fc492ff75cce56cba05e32eff40e6acbeaa3",
                "sha256:d4306c36ca495956b6d568d276ac11fdd9c30a36f1b6eb928070dc5360b22e1c",
                "sha256:d5ee4f386140395a2c818d149221149c54849dfcfcb9f1debfe07a8b8bd63f9a",
                "sha256:dda30ba7e87fbbb7eab1ec9f58678558fd9a6b8b853530e176eabd064da81417",
                "sha256:e04e26803c9c3851c931eac40c695602c6295b8d432cbe78609649ad9bd2da8a",
                "sha256:e1c0b87e09fa55a220f058d1d49d3fb8df88fbfab58558f1198e08c1e1de842a",
                "sha256:e72591e9ecd94d7feb70c1cbd7be7b3ebea3f548870aa91e2732960fa4d57a37",
                "sha256:e8c843bbcda3a2f1e3c2ab25913c80a3c5376cd00c6e8c4a86a89a28c8dc5452",
                "sha256:efc1913fd2ca4f334418481c7e595c00aad186563bbc1ec76067848c7ca0a933",
                "sha256:f121a1420d4e173a5d96e47e9a0c0dcff965afdf1626d28de1460815f7c4ee7a",
                "sha256:fc7b548b17d238737688817ab67deebb30e8073c95749d55538ed473130ec0c7"
            ],
            "markers": "python_version >= '3.7'",
            "version": "==2.1.1"
        },
        "mypy": {
            "hashes": [
                "sha256:0714258640194d75677e86c786e80ccf294972cc76885d3ebbb560f11db0003d",
                "sha256:0c8f3be99e8a8bd403caa8c03be619544bc2c77a7093685dcf308c6b109426c6",
                "sha256:0cca5adf694af539aeaa6ac633a7afe9bbd760df9d31be55ab780b77ab5ae8bf",
                "sha256:1c8cd4fb70e8584ca1ed5805cbc7c017a3d1a29fb450621089ffed3e99d1857f",
                "sha256:1f7d1a520373e2272b10796c3ff721ea1a0712288cafaa95931e66aa15798813",
                "sha256:209ee89fbb0deed518605edddd234af80506aec932ad28d73c08f1400ef80a33",
                "sha256:26efb2fcc6b67e4d5a55561f39176821d2adf88f2745ddc72751b7890f3194ad",
                "sha256:37bd02ebf9d10e05b00d71302d2c2e6ca333e6c2a8584a98c00e038db8121f05",
                "sha256:3a700330b567114b673cf8ee7388e949f843b356a73b5ab22dd7cff4742a5297",
                "sha256:3c0165ba8f354a6d9881809ef29f1a9318a236a6d81c690094c5df32107bde06",
                "sha256:3d80e36b7d7a9259b740be6d8d906221789b0d836201af4234093cae89ced0cd",
                "sha256:4175593dc25d9da12f7de8de873a33f9b2b8bdb4e827a7cae952e5b1a342e243",
                "sha256:4307270436fd7694b41f913eb09210faff27ea4979ecbcd849e57d2da2f65305",
                "sha256:5e80e758243b97b618cdf22004beb09e8a2de1af481382e4d84bc52152d1c476",
                "sha256:641411733b127c3e0dab94c45af15fea99e4468f99ac88b39efb1ad677da5711",
                "sha256:652b651d42f155033a1967739788c436491b577b6a44e4c39fb340d0ee7f0d70",
                "sha256:6d7464bac72a85cb3491c7e92b5b62f3dcccb8af26826257760a552a5e244aa5",
                "sha256:74e259b5c19f70d35fcc1ad3d56499065c601dfe94ff67ae48b85596b9ec1461",
                "sha256:7d17e0a9707d0772f4a7b878f04b4fd11f6f5bcb9b3813975a9b13c9332153ab",
                "sha256:901c2c269c616e6cb0998b33d4adbb4a6af0ac4ce5cd078afd7bc95830e62c1c",
                "sha256:98e781cd35c0acf33eb0295e8b9c55cdbef64fcb35f6d3aa2186f289bed6e80d",
                "sha256:a12c56bf73cdab116df96e4ff39610b92a348cc99a1307e1da3c3768bbb5b135",
                "sha256:ac6e503823143464538efda0e8e356d871557ef60ccd38f8824a4257acc18d93",
                "sha256:b8472f736a5bfb159a5e36740847808f6f5b659960115ff29c7cecec1741c648",
                "sha256:b86ce2c1866a748c0f6faca5232059f881cda6dda2a893b9a8373353cfe3715a",
                "sha256:bc9ec663ed6c8f15f4ae9d3c04c989b744436c16d26580eaa760ae9dd5d662eb",
                "sha256:c9166b3f81a10cdf9b49f2d594b21b31adadb3d5e9db9b834866c3258b695be3",
                "sha256:d13674f3fb73805ba0c45eb6c0c3053d218aa1f7abead6e446d474529aafc372",
                "sha256:de32edc9b0a7e67c2775e574cb061a537660e51210fbf6006b0b36ea695ae9bb",
                "sha256:e62ebaad93be3ad1a828a11e90f0e76f15449371ffeecca4a0a0b9adc99abcef"
            ],
            "index": "pypi",
            "version": "==0.991"
        },
        "mypy-extensions": {
            "hashes": [
                "sha256:090fedd75945a69ae91ce1303b5824f428daf5a028d2f6ab8a299250a846f15d",
                "sha256:2d82818f5bb3e369420cb3c4060a7970edba416647068eb4c5343488a6c604a8"
            ],
            "version": "==0.4.3"
        },
        "packaging": {
            "hashes": [
                "sha256:714ac14496c3e68c99c29b00845f7a2b85f3bb6f1078fd9f72fd20f0570002b2",
                "sha256:b6ad297f8907de0fa2fe1ccbd26fdaf387f5f47c7275fedf8cce89f99446cf97"
            ],
            "markers": "python_version >= '3.7'",
            "version": "==23.0"
        },
        "pathspec": {
            "hashes": [
                "sha256:3c95343af8b756205e2aba76e843ba9520a24dd84f68c22b9f93251507509dd6",
                "sha256:56200de4077d9d0791465aa9095a01d421861e405b5096955051deefd697d6f6"
            ],
            "markers": "python_version >= '3.7'",
            "version": "==0.10.3"
        },
        "platformdirs": {
            "hashes": [
                "sha256:83c8f6d04389165de7c9b6f0c682439697887bca0aa2f1c87ef1826be3584490",
                "sha256:e1fea1fe471b9ff8332e229df3cb7de4f53eeea4998d3b6bfff542115e998bd2"
            ],
            "markers": "python_version >= '3.7'",
            "version": "==2.6.2"
        },
        "pluggy": {
            "hashes": [
                "sha256:4224373bacce55f955a878bf9cfa763c1e360858e330072059e10bad68531159",
                "sha256:74134bbf457f031a36d68416e1509f34bd5ccc019f0bcc952c7b909d06b37bd3"
            ],
            "markers": "python_version >= '3.6'",
            "version": "==1.0.0"
        },
        "pycodestyle": {
            "hashes": [
                "sha256:347187bdb476329d98f695c213d7295a846d1152ff4fe9bacb8a9590b8ee7053",
                "sha256:8a4eaf0d0495c7395bdab3589ac2db602797d76207242c17d470186815706610"
            ],
            "index": "pypi",
            "version": "==2.10.0"
        },
        "pytest": {
            "hashes": [
                "sha256:892f933d339f068883b6fd5a459f03d85bfcb355e4981e146d2c7616c21fef71",
                "sha256:c4014eb40e10f11f355ad4e3c2fb2c6c6d1919c73f3b5a433de4708202cade59"
            ],
            "index": "pypi",
            "version": "==7.2.0"
        },
        "pytest-cov": {
            "hashes": [
                "sha256:2feb1b751d66a8bd934e5edfa2e961d11309dc37b73b0eabe73b5945fee20f6b",
                "sha256:996b79efde6433cdbd0088872dbc5fb3ed7fe1578b68cdbba634f14bb8dd0470"
            ],
            "index": "pypi",
            "version": "==4.0.0"
        },
        "schema": {
            "hashes": [
                "sha256:f06717112c61895cabc4707752b88716e8420a8819d71404501e114f91043197",
                "sha256:f3ffdeeada09ec34bf40d7d79996d9f7175db93b7a5065de0faa7f41083c1e6c"
            ],
            "version": "==0.7.5"
        },
        "setuptools": {
            "hashes": [
                "sha256:57f6f22bde4e042978bcd50176fdb381d7c21a9efa4041202288d3737a0c6a54",
                "sha256:a7620757bf984b58deaf32fc8a4577a9bbc0850cf92c20e1ce41c38c19e5fb75"
            ],
            "markers": "python_version >= '3.7'",
            "version": "==65.6.3"
        },
        "tabulate": {
            "hashes": [
                "sha256:0ba055423dbaa164b9e456abe7920c5e8ed33fcc16f6d1b2f2d152c8e1e8b4fc",
                "sha256:436f1c768b424654fce8597290d2764def1eea6a77cfa5c33be00b1bc0f4f63d",
                "sha256:6c57f3f3dd7ac2782770155f3adb2db0b1a269637e42f27599925e64b114f519"
            ],
            "markers": "python_version >= '2.7' and python_version not in '3.0, 3.1, 3.2, 3.3, 3.4'",
            "version": "==0.8.10"
        },
        "tbump": {
            "hashes": [
                "sha256:683eab2e5a4d4861b6928c422d9e51e1d3aeccbbd69d0281fab2c374345e1d9f",
                "sha256:cf711835b155eaefcf2023ca8963200d893cb40998c9393684df020e6ab1c0b3"
            ],
            "index": "pypi",
            "version": "==6.9.0"
        },
        "tomlkit": {
            "hashes": [
                "sha256:07de26b0d8cfc18f871aec595fda24d95b08fef89d147caa861939f37230bf4b",
                "sha256:71b952e5721688937fb02cf9d354dbcf0785066149d2855e44531ebdd2b65d73"
            ],
            "markers": "python_version >= '3.6'",
            "version": "==0.11.6"
        },
        "towncrier": {
            "hashes": [
                "sha256:9767a899a4d6856950f3598acd9e8f08da2663c49fdcda5ea0f9e6ba2afc8eea",
                "sha256:9c49d7e75f646a9aea02ae904c0bc1639c8fd14a01292d2b123b8d307564034d"
            ],
            "index": "pypi",
            "version": "==22.12.0"
        },
        "typing-extensions": {
            "hashes": [
                "sha256:1511434bb92bf8dd198c12b1cc812e800d4181cfcb867674e0f8279cc93087aa",
                "sha256:16fa4864408f655d35ec496218b85f79b3437c829e93320c7c9215ccfd92489e"
            ],
            "markers": "python_version >= '3.7'",
            "version": "==4.4.0"
        },
        "unidecode": {
            "hashes": [
                "sha256:547d7c479e4f377b430dd91ac1275d593308dce0fc464fb2ab7d41f82ec653be",
                "sha256:fed09cf0be8cf415b391642c2a5addfc72194407caee4f98719e40ec2a72b830"
            ],
            "markers": "python_version >= '3.5'",
            "version": "==1.3.6"
        }
    }
}
